
Microsoft Visual Studio Solution File, Format Version 12.00
# Visual Studio Version 17
VisualStudioVersion = 17.0.31903.59
MinimumVisualStudioVersion = 10.0.40219.1
Project("{FAE04EC0-301F-11D3-BF4B-00C04F79EFBC}") = "backend", "backend\backend.csproj", "{B20D4894-2F27-43E9-8367-0655AEF652D6}"
EndProject
Project("{FAE04EC0-301F-11D3-BF4B-00C04F79EFBC}") = "TestNUnitBackEnd", "TestNUnitBackEnd\TestNUnitBackEnd.csproj", "{56A7CCF0-1D95-440E-B165-22199FBC7264}"
EndProject
Global
	GlobalSection(SolutionConfigurationPlatforms) = preSolution
		Debug|Any CPU = Debug|Any CPU
		Release|Any CPU = Release|Any CPU
	EndGlobalSection
	GlobalSection(ProjectConfigurationPlatforms) = postSolution
		{B20D4894-2F27-43E9-8367-0655AEF652D6}.Debug|Any CPU.ActiveCfg = Debug|Any CPU
		{B20D4894-2F27-43E9-8367-0655AEF652D6}.Debug|Any CPU.Build.0 = Debug|Any CPU
		{B20D4894-2F27-43E9-8367-0655AEF652D6}.Release|Any CPU.ActiveCfg = Release|Any CPU
		{B20D4894-2F27-43E9-8367-0655AEF652D6}.Release|Any CPU.Build.0 = Release|Any CPU
		{56A7CCF0-1D95-440E-B165-22199FBC7264}.Debug|Any CPU.ActiveCfg = Debug|Any CPU
		{56A7CCF0-1D95-440E-B165-22199FBC7264}.Debug|Any CPU.Build.0 = Debug|Any CPU
		{56A7CCF0-1D95-440E-B165-22199FBC7264}.Release|Any CPU.ActiveCfg = Release|Any CPU
		{56A7CCF0-1D95-440E-B165-22199FBC7264}.Release|Any CPU.Build.0 = Release|Any CPU
	EndGlobalSection
	GlobalSection(SolutionProperties) = preSolution
		HideSolutionNode = FALSE
	EndGlobalSection
EndGlobal
